
Microsoft Visual Studio Solution File, Format Version 12.00
# Visual Studio Version 17
VisualStudioVersion = 17.0.31903.59
MinimumVisualStudioVersion = 10.0.40219.1
Project("{9A19103F-16F7-4668-BE54-9A1E7A4F7556}") = "SolaProcurementV2.Server", "SolaProcurementV2.Server\SolaProcurementV2.Server.csproj", "{265EEC26-54D6-4872-BCA7-E827E5B2C048}"
EndProject
Global
	GlobalSection(SolutionConfigurationPlatforms) = preSolution
		Debug|Any CPU = Debug|Any CPU
		Release|Any CPU = Release|Any CPU
	EndGlobalSection
	GlobalSection(ProjectConfigurationPlatforms) = postSolution
		{265EEC26-54D6-4872-BCA7-E827E5B2C048}.Debug|Any CPU.ActiveCfg = Debug|Any CPU
		{265EEC26-54D6-4872-BCA7-E827E5B2C048}.Debug|Any CPU.Build.0 = Debug|Any CPU
		{265EEC26-54D6-4872-BCA7-E827E5B2C048}.Release|Any CPU.ActiveCfg = Release|Any CPU
		{265EEC26-54D6-4872-BCA7-E827E5B2C048}.Release|Any CPU.Build.0 = Release|Any CPU
	EndGlobalSection
	GlobalSection(SolutionProperties) = preSolution
		HideSolutionNode = FALSE
	EndGlobalSection
	GlobalSection(ExtensibilityGlobals) = postSolution
		SolutionGuid = {13A3AEF1-29A3-4FC7-BC9F-2A8C460547CC}
	EndGlobalSection
EndGlobal
